
Microsoft Visual Studio Solution File, Format Version 12.00
# Visual Studio Version 17
VisualStudioVersion = 17.11.35303.130
MinimumVisualStudioVersion = 10.0.40219.1
Project("{FAE04EC0-301F-11D3-BF4B-00C04F79EFBC}") = "PEmastermind2", "PEmastermind2\PEmastermind2.csproj", "{532CFED2-5568-4A36-91CA-CD74AC26AAE7}"
EndProject
Global
	GlobalSection(SolutionConfigurationPlatforms) = preSolution
		Debug|Any CPU = Debug|Any CPU
		Release|Any CPU = Release|Any CPU
	EndGlobalSection
	GlobalSection(ProjectConfigurationPlatforms) = postSolution
		{532CFED2-5568-4A36-91CA-CD74AC26AAE7}.Debug|Any CPU.ActiveCfg = Debug|Any CPU
		{532CFED2-5568-4A36-91CA-CD74AC26AAE7}.Debug|Any CPU.Build.0 = Debug|Any CPU
		{532CFED2-5568-4A36-91CA-CD74AC26AAE7}.Release|Any CPU.ActiveCfg = Release|Any CPU
		{532CFED2-5568-4A36-91CA-CD74AC26AAE7}.Release|Any CPU.Build.0 = Release|Any CPU
	EndGlobalSection
	GlobalSection(SolutionProperties) = preSolution
		HideSolutionNode = FALSE
	EndGlobalSection
	GlobalSection(ExtensibilityGlobals) = postSolution
		SolutionGuid = {2598F55D-4BE5-4DFF-A5FE-C7AE6DC623F4}
	EndGlobalSection
EndGlobal
